
Microsoft Visual Studio Solution File, Format Version 12.00
# Visual Studio 2012
Project("{FAE04EC0-301F-11D3-BF4B-00C04F79EFBC}") = "MyWebsite", "MyWebsite\MyWebsite.csproj", "{234D2321-1B44-45AD-8182-17ED9100347F}"
	ProjectSection(ProjectDependencies) = postProject
		{734FB926-BD0A-4CE9-AC34-7ABC58FCC04E} = {734FB926-BD0A-4CE9-AC34-7ABC58FCC04E}
		{31BDB938-1ABB-4185-A07B-87F48B83201C} = {31BDB938-1ABB-4185-A07B-87F48B83201C}
		{AED6A67D-CE15-49C0-AA43-54C4D0E2792C} = {AED6A67D-CE15-49C0-AA43-54C4D0E2792C}
		{7A54D7BA-77B5-4C3E-B3F0-9C29D97CA0ED} = {7A54D7BA-77B5-4C3E-B3F0-9C29D97CA0ED}
		{BF9D8BBE-7EF1-4F7B-ACB7-9CBB814F314E} = {BF9D8BBE-7EF1-4F7B-ACB7-9CBB814F314E}
		{318FC9E4-5A8D-4CE3-A991-E4AF315C6BCD} = {318FC9E4-5A8D-4CE3-A991-E4AF315C6BCD}
	EndProjectSection
EndProject
Project("{FAE04EC0-301F-11D3-BF4B-00C04F79EFBC}") = "MyWebsite.Business", "MyWebsite.Business\MyWebsite.Business.csproj", "{7A54D7BA-77B5-4C3E-B3F0-9C29D97CA0ED}"
	ProjectSection(ProjectDependencies) = postProject
		{734FB926-BD0A-4CE9-AC34-7ABC58FCC04E} = {734FB926-BD0A-4CE9-AC34-7ABC58FCC04E}
		{31BDB938-1ABB-4185-A07B-87F48B83201C} = {31BDB938-1ABB-4185-A07B-87F48B83201C}
		{AED6A67D-CE15-49C0-AA43-54C4D0E2792C} = {AED6A67D-CE15-49C0-AA43-54C4D0E2792C}
		{4AA83EB0-5D1F-4307-96CE-E65A879AD35E} = {4AA83EB0-5D1F-4307-96CE-E65A879AD35E}
		{BF9D8BBE-7EF1-4F7B-ACB7-9CBB814F314E} = {BF9D8BBE-7EF1-4F7B-ACB7-9CBB814F314E}
		{318FC9E4-5A8D-4CE3-A991-E4AF315C6BCD} = {318FC9E4-5A8D-4CE3-A991-E4AF315C6BCD}
	EndProjectSection
EndProject
Project("{FAE04EC0-301F-11D3-BF4B-00C04F79EFBC}") = "MyWebsite.DataAccess", "MyWebsite.DataAccess\MyWebsite.DataAccess.csproj", "{4AA83EB0-5D1F-4307-96CE-E65A879AD35E}"
	ProjectSection(ProjectDependencies) = postProject
		{AED6A67D-CE15-49C0-AA43-54C4D0E2792C} = {AED6A67D-CE15-49C0-AA43-54C4D0E2792C}
		{BF9D8BBE-7EF1-4F7B-ACB7-9CBB814F314E} = {BF9D8BBE-7EF1-4F7B-ACB7-9CBB814F314E}
	EndProjectSection
EndProject
Project("{FAE04EC0-301F-11D3-BF4B-00C04F79EFBC}") = "MyWebsite.Domain", "MyWebsite.Domain\MyWebsite.Domain.csproj", "{318FC9E4-5A8D-4CE3-A991-E4AF315C6BCD}"
	ProjectSection(ProjectDependencies) = postProject
		{AED6A67D-CE15-49C0-AA43-54C4D0E2792C} = {AED6A67D-CE15-49C0-AA43-54C4D0E2792C}
		{BF9D8BBE-7EF1-4F7B-ACB7-9CBB814F314E} = {BF9D8BBE-7EF1-4F7B-ACB7-9CBB814F314E}
	EndProjectSection
EndProject
Project("{FAE04EC0-301F-11D3-BF4B-00C04F79EFBC}") = "MyWebsite.Ioc", "MyWebsite.Ioc\MyWebsite.Ioc.csproj", "{31BDB938-1ABB-4185-A07B-87F48B83201C}"
	ProjectSection(ProjectDependencies) = postProject
		{AED6A67D-CE15-49C0-AA43-54C4D0E2792C} = {AED6A67D-CE15-49C0-AA43-54C4D0E2792C}
		{4AA83EB0-5D1F-4307-96CE-E65A879AD35E} = {4AA83EB0-5D1F-4307-96CE-E65A879AD35E}
		{BF9D8BBE-7EF1-4F7B-ACB7-9CBB814F314E} = {BF9D8BBE-7EF1-4F7B-ACB7-9CBB814F314E}
		{318FC9E4-5A8D-4CE3-A991-E4AF315C6BCD} = {318FC9E4-5A8D-4CE3-A991-E4AF315C6BCD}
	EndProjectSection
EndProject
Project("{FAE04EC0-301F-11D3-BF4B-00C04F79EFBC}") = "MyWebsite.Resx", "MyWebsite.Resx\MyWebsite.Resx.csproj", "{BF9D8BBE-7EF1-4F7B-ACB7-9CBB814F314E}"
EndProject
Project("{FAE04EC0-301F-11D3-BF4B-00C04F79EFBC}") = "MyWebsite.Service", "MyWebsite.Service\MyWebsite.Service.csproj", "{734FB926-BD0A-4CE9-AC34-7ABC58FCC04E}"
	ProjectSection(ProjectDependencies) = postProject
		{AED6A67D-CE15-49C0-AA43-54C4D0E2792C} = {AED6A67D-CE15-49C0-AA43-54C4D0E2792C}
		{BF9D8BBE-7EF1-4F7B-ACB7-9CBB814F314E} = {BF9D8BBE-7EF1-4F7B-ACB7-9CBB814F314E}
		{318FC9E4-5A8D-4CE3-A991-E4AF315C6BCD} = {318FC9E4-5A8D-4CE3-A991-E4AF315C6BCD}
	EndProjectSection
EndProject
Project("{FAE04EC0-301F-11D3-BF4B-00C04F79EFBC}") = "MyWebsite.UnitTest", "MyWebsite.UnitTest\MyWebsite.UnitTest.csproj", "{5CD81C21-151E-4974-A8E1-6ECEB494F0B9}"
	ProjectSection(ProjectDependencies) = postProject
		{31BDB938-1ABB-4185-A07B-87F48B83201C} = {31BDB938-1ABB-4185-A07B-87F48B83201C}
		{AED6A67D-CE15-49C0-AA43-54C4D0E2792C} = {AED6A67D-CE15-49C0-AA43-54C4D0E2792C}
		{4AA83EB0-5D1F-4307-96CE-E65A879AD35E} = {4AA83EB0-5D1F-4307-96CE-E65A879AD35E}
		{7A54D7BA-77B5-4C3E-B3F0-9C29D97CA0ED} = {7A54D7BA-77B5-4C3E-B3F0-9C29D97CA0ED}
		{BF9D8BBE-7EF1-4F7B-ACB7-9CBB814F314E} = {BF9D8BBE-7EF1-4F7B-ACB7-9CBB814F314E}
		{318FC9E4-5A8D-4CE3-A991-E4AF315C6BCD} = {318FC9E4-5A8D-4CE3-A991-E4AF315C6BCD}
	EndProjectSection
EndProject
Project("{FAE04EC0-301F-11D3-BF4B-00C04F79EFBC}") = "MyWebsite.Utils", "MyWebsite.Utils\MyWebsite.Utils.csproj", "{AED6A67D-CE15-49C0-AA43-54C4D0E2792C}"
	ProjectSection(ProjectDependencies) = postProject
		{BF9D8BBE-7EF1-4F7B-ACB7-9CBB814F314E} = {BF9D8BBE-7EF1-4F7B-ACB7-9CBB814F314E}
	EndProjectSection
EndProject
Global
	GlobalSection(SolutionConfigurationPlatforms) = preSolution
		Debug|Any CPU = Debug|Any CPU
		Release|Any CPU = Release|Any CPU
	EndGlobalSection
	GlobalSection(ProjectConfigurationPlatforms) = postSolution
		{234D2321-1B44-45AD-8182-17ED9100347F}.Debug|Any CPU.ActiveCfg = Debug|Any CPU
		{234D2321-1B44-45AD-8182-17ED9100347F}.Debug|Any CPU.Build.0 = Debug|Any CPU
		{234D2321-1B44-45AD-8182-17ED9100347F}.Release|Any CPU.ActiveCfg = Release|Any CPU
		{234D2321-1B44-45AD-8182-17ED9100347F}.Release|Any CPU.Build.0 = Release|Any CPU
		{7A54D7BA-77B5-4C3E-B3F0-9C29D97CA0ED}.Debug|Any CPU.ActiveCfg = Debug|Any CPU
		{7A54D7BA-77B5-4C3E-B3F0-9C29D97CA0ED}.Debug|Any CPU.Build.0 = Debug|Any CPU
		{7A54D7BA-77B5-4C3E-B3F0-9C29D97CA0ED}.Release|Any CPU.ActiveCfg = Release|Any CPU
		{7A54D7BA-77B5-4C3E-B3F0-9C29D97CA0ED}.Release|Any CPU.Build.0 = Release|Any CPU
		{4AA83EB0-5D1F-4307-96CE-E65A879AD35E}.Debug|Any CPU.ActiveCfg = Debug|Any CPU
		{4AA83EB0-5D1F-4307-96CE-E65A879AD35E}.Debug|Any CPU.Build.0 = Debug|Any CPU
		{4AA83EB0-5D1F-4307-96CE-E65A879AD35E}.Release|Any CPU.ActiveCfg = Release|Any CPU
		{4AA83EB0-5D1F-4307-96CE-E65A879AD35E}.Release|Any CPU.Build.0 = Release|Any CPU
		{318FC9E4-5A8D-4CE3-A991-E4AF315C6BCD}.Debug|Any CPU.ActiveCfg = Debug|Any CPU
		{318FC9E4-5A8D-4CE3-A991-E4AF315C6BCD}.Debug|Any CPU.Build.0 = Debug|Any CPU
		{318FC9E4-5A8D-4CE3-A991-E4AF315C6BCD}.Release|Any CPU.ActiveCfg = Release|Any CPU
		{318FC9E4-5A8D-4CE3-A991-E4AF315C6BCD}.Release|Any CPU.Build.0 = Release|Any CPU
		{31BDB938-1ABB-4185-A07B-87F48B83201C}.Debug|Any CPU.ActiveCfg = Debug|Any CPU
		{31BDB938-1ABB-4185-A07B-87F48B83201C}.Debug|Any CPU.Build.0 = Debug|Any CPU
		{31BDB938-1ABB-4185-A07B-87F48B83201C}.Release|Any CPU.ActiveCfg = Release|Any CPU
		{31BDB938-1ABB-4185-A07B-87F48B83201C}.Release|Any CPU.Build.0 = Release|Any CPU
		{BF9D8BBE-7EF1-4F7B-ACB7-9CBB814F314E}.Debug|Any CPU.ActiveCfg = Debug|Any CPU
		{BF9D8BBE-7EF1-4F7B-ACB7-9CBB814F314E}.Debug|Any CPU.Build.0 = Debug|Any CPU
		{BF9D8BBE-7EF1-4F7B-ACB7-9CBB814F314E}.Release|Any CPU.ActiveCfg = Release|Any CPU
		{BF9D8BBE-7EF1-4F7B-ACB7-9CBB814F314E}.Release|Any CPU.Build.0 = Release|Any CPU
		{734FB926-BD0A-4CE9-AC34-7ABC58FCC04E}.Debug|Any CPU.ActiveCfg = Debug|Any CPU
		{734FB926-BD0A-4CE9-AC34-7ABC58FCC04E}.Debug|Any CPU.Build.0 = Debug|Any CPU
		{734FB926-BD0A-4CE9-AC34-7ABC58FCC04E}.Release|Any CPU.ActiveCfg = Release|Any CPU
		{734FB926-BD0A-4CE9-AC34-7ABC58FCC04E}.Release|Any CPU.Build.0 = Release|Any CPU
		{5CD81C21-151E-4974-A8E1-6ECEB494F0B9}.Debug|Any CPU.ActiveCfg = Debug|Any CPU
		{5CD81C21-151E-4974-A8E1-6ECEB494F0B9}.Debug|Any CPU.Build.0 = Debug|Any CPU
		{5CD81C21-151E-4974-A8E1-6ECEB494F0B9}.Release|Any CPU.ActiveCfg = Release|Any CPU
		{5CD81C21-151E-4974-A8E1-6ECEB494F0B9}.Release|Any CPU.Build.0 = Release|Any CPU
		{AED6A67D-CE15-49C0-AA43-54C4D0E2792C}.Debug|Any CPU.ActiveCfg = Debug|Any CPU
		{AED6A67D-CE15-49C0-AA43-54C4D0E2792C}.Debug|Any CPU.Build.0 = Debug|Any CPU
		{AED6A67D-CE15-49C0-AA43-54C4D0E2792C}.Release|Any CPU.ActiveCfg = Release|Any CPU
		{AED6A67D-CE15-49C0-AA43-54C4D0E2792C}.Release|Any CPU.Build.0 = Release|Any CPU
	EndGlobalSection
	GlobalSection(SolutionProperties) = preSolution
		HideSolutionNode = FALSE
	EndGlobalSection
EndGlobal
